
Microsoft Visual Studio Solution File, Format Version 11.00
# Visual Studio 2010
Project("{FAE04EC0-301F-11D3-BF4B-00C04F79EFBC}") = "SlimNet", "SlimNet.Core\SlimNet.csproj", "{E4CBD3D4-81D9-4474-AA46-53324634584D}"
EndProject
Project("{FAE04EC0-301F-11D3-BF4B-00C04F79EFBC}") = "SlimNet.ConsoleHost", "SlimNet.ConsoleHost\SlimNet.ConsoleHost.csproj", "{F2D24465-AAC2-46B9-A3B6-A88064DDFDC8}"
EndProject
Project("{FAE04EC0-301F-11D3-BF4B-00C04F79EFBC}") = "SlimNet.Unity", "SlimNet.Unity\SlimNet.Unity.csproj", "{B0727564-5FCA-4C02-9BA1-DD668397AA95}"
EndProject
Global
	GlobalSection(SolutionConfigurationPlatforms) = preSolution
		CD_ROM|Any CPU = CD_ROM|Any CPU
		CD_ROM|Mixed Platforms = CD_ROM|Mixed Platforms
		CD_ROM|x86 = CD_ROM|x86
		Debug|Any CPU = Debug|Any CPU
		Debug|Mixed Platforms = Debug|Mixed Platforms
		Debug|x86 = Debug|x86
		DVD-5|Any CPU = DVD-5|Any CPU
		DVD-5|Mixed Platforms = DVD-5|Mixed Platforms
		DVD-5|x86 = DVD-5|x86
		Release|Any CPU = Release|Any CPU
		Release|Mixed Platforms = Release|Mixed Platforms
		Release|x86 = Release|x86
		SingleImage|Any CPU = SingleImage|Any CPU
		SingleImage|Mixed Platforms = SingleImage|Mixed Platforms
		SingleImage|x86 = SingleImage|x86
	EndGlobalSection
	GlobalSection(ProjectConfigurationPlatforms) = postSolution
		{E4CBD3D4-81D9-4474-AA46-53324634584D}.CD_ROM|Any CPU.ActiveCfg = Release|Any CPU
		{E4CBD3D4-81D9-4474-AA46-53324634584D}.CD_ROM|Any CPU.Build.0 = Release|Any CPU
		{E4CBD3D4-81D9-4474-AA46-53324634584D}.CD_ROM|Mixed Platforms.ActiveCfg = Release|Any CPU
		{E4CBD3D4-81D9-4474-AA46-53324634584D}.CD_ROM|Mixed Platforms.Build.0 = Release|Any CPU
		{E4CBD3D4-81D9-4474-AA46-53324634584D}.CD_ROM|x86.ActiveCfg = Release|Any CPU
		{E4CBD3D4-81D9-4474-AA46-53324634584D}.Debug|Any CPU.ActiveCfg = Debug|Any CPU
		{E4CBD3D4-81D9-4474-AA46-53324634584D}.Debug|Any CPU.Build.0 = Debug|Any CPU
		{E4CBD3D4-81D9-4474-AA46-53324634584D}.Debug|Mixed Platforms.ActiveCfg = Debug|Any CPU
		{E4CBD3D4-81D9-4474-AA46-53324634584D}.Debug|Mixed Platforms.Build.0 = Debug|Any CPU
		{E4CBD3D4-81D9-4474-AA46-53324634584D}.Debug|x86.ActiveCfg = Debug|Any CPU
		{E4CBD3D4-81D9-4474-AA46-53324634584D}.DVD-5|Any CPU.ActiveCfg = Debug|Any CPU
		{E4CBD3D4-81D9-4474-AA46-53324634584D}.DVD-5|Any CPU.Build.0 = Debug|Any CPU
		{E4CBD3D4-81D9-4474-AA46-53324634584D}.DVD-5|Mixed Platforms.ActiveCfg = Debug|Any CPU
		{E4CBD3D4-81D9-4474-AA46-53324634584D}.DVD-5|Mixed Platforms.Build.0 = Debug|Any CPU
		{E4CBD3D4-81D9-4474-AA46-53324634584D}.DVD-5|x86.ActiveCfg = Debug|Any CPU
		{E4CBD3D4-81D9-4474-AA46-53324634584D}.Release|Any CPU.ActiveCfg = Release|Any CPU
		{E4CBD3D4-81D9-4474-AA46-53324634584D}.Release|Any CPU.Build.0 = Release|Any CPU
		{E4CBD3D4-81D9-4474-AA46-53324634584D}.Release|Mixed Platforms.ActiveCfg = Release|Any CPU
		{E4CBD3D4-81D9-4474-AA46-53324634584D}.Release|Mixed Platforms.Build.0 = Release|Any CPU
		{E4CBD3D4-81D9-4474-AA46-53324634584D}.Release|x86.ActiveCfg = Release|Any CPU
		{E4CBD3D4-81D9-4474-AA46-53324634584D}.SingleImage|Any CPU.ActiveCfg = Release|Any CPU
		{E4CBD3D4-81D9-4474-AA46-53324634584D}.SingleImage|Any CPU.Build.0 = Release|Any CPU
		{E4CBD3D4-81D9-4474-AA46-53324634584D}.SingleImage|Mixed Platforms.ActiveCfg = Release|Any CPU
		{E4CBD3D4-81D9-4474-AA46-53324634584D}.SingleImage|Mixed Platforms.Build.0 = Release|Any CPU
		{E4CBD3D4-81D9-4474-AA46-53324634584D}.SingleImage|x86.ActiveCfg = Release|Any CPU
		{F2D24465-AAC2-46B9-A3B6-A88064DDFDC8}.CD_ROM|Any CPU.ActiveCfg = Release|Any CPU
		{F2D24465-AAC2-46B9-A3B6-A88064DDFDC8}.CD_ROM|Any CPU.Build.0 = Release|Any CPU
		{F2D24465-AAC2-46B9-A3B6-A88064DDFDC8}.CD_ROM|Mixed Platforms.ActiveCfg = Release|Any CPU
		{F2D24465-AAC2-46B9-A3B6-A88064DDFDC8}.CD_ROM|Mixed Platforms.Build.0 = Release|Any CPU
		{F2D24465-AAC2-46B9-A3B6-A88064DDFDC8}.CD_ROM|x86.ActiveCfg = Release|Any CPU
		{F2D24465-AAC2-46B9-A3B6-A88064DDFDC8}.Debug|Any CPU.ActiveCfg = Debug|Any CPU
		{F2D24465-AAC2-46B9-A3B6-A88064DDFDC8}.Debug|Any CPU.Build.0 = Debug|Any CPU
		{F2D24465-AAC2-46B9-A3B6-A88064DDFDC8}.Debug|Mixed Platforms.ActiveCfg = Debug|Any CPU
		{F2D24465-AAC2-46B9-A3B6-A88064DDFDC8}.Debug|Mixed Platforms.Build.0 = Debug|Any CPU
		{F2D24465-AAC2-46B9-A3B6-A88064DDFDC8}.Debug|x86.ActiveCfg = Debug|x86
		{F2D24465-AAC2-46B9-A3B6-A88064DDFDC8}.Debug|x86.Build.0 = Debug|x86
		{F2D24465-AAC2-46B9-A3B6-A88064DDFDC8}.DVD-5|Any CPU.ActiveCfg = Debug|Any CPU
		{F2D24465-AAC2-46B9-A3B6-A88064DDFDC8}.DVD-5|Any CPU.Build.0 = Debug|Any CPU
		{F2D24465-AAC2-46B9-A3B6-A88064DDFDC8}.DVD-5|Mixed Platforms.ActiveCfg = Debug|Any CPU
		{F2D24465-AAC2-46B9-A3B6-A88064DDFDC8}.DVD-5|Mixed Platforms.Build.0 = Debug|Any CPU
		{F2D24465-AAC2-46B9-A3B6-A88064DDFDC8}.DVD-5|x86.ActiveCfg = Debug|Any CPU
		{F2D24465-AAC2-46B9-A3B6-A88064DDFDC8}.Release|Any CPU.ActiveCfg = Release|x86
		{F2D24465-AAC2-46B9-A3B6-A88064DDFDC8}.Release|Mixed Platforms.ActiveCfg = Release|Any CPU
		{F2D24465-AAC2-46B9-A3B6-A88064DDFDC8}.Release|Mixed Platforms.Build.0 = Release|Any CPU
		{F2D24465-AAC2-46B9-A3B6-A88064DDFDC8}.Release|x86.ActiveCfg = Release|x86
		{F2D24465-AAC2-46B9-A3B6-A88064DDFDC8}.Release|x86.Build.0 = Release|x86
		{F2D24465-AAC2-46B9-A3B6-A88064DDFDC8}.SingleImage|Any CPU.ActiveCfg = Release|Any CPU
		{F2D24465-AAC2-46B9-A3B6-A88064DDFDC8}.SingleImage|Any CPU.Build.0 = Release|Any CPU
		{F2D24465-AAC2-46B9-A3B6-A88064DDFDC8}.SingleImage|Mixed Platforms.ActiveCfg = Release|Any CPU
		{F2D24465-AAC2-46B9-A3B6-A88064DDFDC8}.SingleImage|Mixed Platforms.Build.0 = Release|Any CPU
		{F2D24465-AAC2-46B9-A3B6-A88064DDFDC8}.SingleImage|x86.ActiveCfg = Release|Any CPU
		{B0727564-5FCA-4C02-9BA1-DD668397AA95}.CD_ROM|Any CPU.ActiveCfg = Release|Any CPU
		{B0727564-5FCA-4C02-9BA1-DD668397AA95}.CD_ROM|Any CPU.Build.0 = Release|Any CPU
		{B0727564-5FCA-4C02-9BA1-DD668397AA95}.CD_ROM|Mixed Platforms.ActiveCfg = Release|Any CPU
		{B0727564-5FCA-4C02-9BA1-DD668397AA95}.CD_ROM|Mixed Platforms.Build.0 = Release|Any CPU
		{B0727564-5FCA-4C02-9BA1-DD668397AA95}.CD_ROM|x86.ActiveCfg = Release|Any CPU
		{B0727564-5FCA-4C02-9BA1-DD668397AA95}.Debug|Any CPU.ActiveCfg = Debug|Any CPU
		{B0727564-5FCA-4C02-9BA1-DD668397AA95}.Debug|Any CPU.Build.0 = Debug|Any CPU
		{B0727564-5FCA-4C02-9BA1-DD668397AA95}.Debug|Mixed Platforms.ActiveCfg = Debug|Any CPU
		{B0727564-5FCA-4C02-9BA1-DD668397AA95}.Debug|Mixed Platforms.Build.0 = Debug|Any CPU
		{B0727564-5FCA-4C02-9BA1-DD668397AA95}.Debug|x86.ActiveCfg = Debug|Any CPU
		{B0727564-5FCA-4C02-9BA1-DD668397AA95}.DVD-5|Any CPU.ActiveCfg = Debug|Any CPU
		{B0727564-5FCA-4C02-9BA1-DD668397AA95}.DVD-5|Any CPU.Build.0 = Debug|Any CPU
		{B0727564-5FCA-4C02-9BA1-DD668397AA95}.DVD-5|Mixed Platforms.ActiveCfg = Debug|Any CPU
		{B0727564-5FCA-4C02-9BA1-DD668397AA95}.DVD-5|Mixed Platforms.Build.0 = Debug|Any CPU
		{B0727564-5FCA-4C02-9BA1-DD668397AA95}.DVD-5|x86.ActiveCfg = Debug|Any CPU
		{B0727564-5FCA-4C02-9BA1-DD668397AA95}.Release|Any CPU.ActiveCfg = Release|Any CPU
		{B0727564-5FCA-4C02-9BA1-DD668397AA95}.Release|Any CPU.Build.0 = Release|Any CPU
		{B0727564-5FCA-4C02-9BA1-DD668397AA95}.Release|Mixed Platforms.ActiveCfg = Release|Any CPU
		{B0727564-5FCA-4C02-9BA1-DD668397AA95}.Release|Mixed Platforms.Build.0 = Release|Any CPU
		{B0727564-5FCA-4C02-9BA1-DD668397AA95}.Release|x86.ActiveCfg = Release|Any CPU
		{B0727564-5FCA-4C02-9BA1-DD668397AA95}.SingleImage|Any CPU.ActiveCfg = Release|Any CPU
		{B0727564-5FCA-4C02-9BA1-DD668397AA95}.SingleImage|Any CPU.Build.0 = Release|Any CPU
		{B0727564-5FCA-4C02-9BA1-DD668397AA95}.SingleImage|Mixed Platforms.ActiveCfg = Release|Any CPU
		{B0727564-5FCA-4C02-9BA1-DD668397AA95}.SingleImage|Mixed Platforms.Build.0 = Release|Any CPU
		{B0727564-5FCA-4C02-9BA1-DD668397AA95}.SingleImage|x86.ActiveCfg = Release|Any CPU
	EndGlobalSection
	GlobalSection(SolutionProperties) = preSolution
		HideSolutionNode = FALSE
	EndGlobalSection
	GlobalSection(MonoDevelopProperties) = preSolution
		StartupItem = SlimNet.ConsoleHost\SlimNet.ConsoleHost.csproj
	EndGlobalSection
EndGlobal
